
Microsoft Visual Studio Solution File, Format Version 12.00
# Visual Studio 15
VisualStudioVersion = 15.0.28307.421
MinimumVisualStudioVersion = 10.0.40219.1
Project("{8BC9CEB8-8B4A-11D0-8D11-00A0C91BC942}") = "lab3", "lab3\lab3.vcxproj", "{D1B26769-3CB7-4F84-9505-47552654EC46}"
EndProject
Global
	GlobalSection(SolutionConfigurationPlatforms) = preSolution
		Debug|x64 = Debug|x64
		Debug|x86 = Debug|x86
		Release|x64 = Release|x64
		Release|x86 = Release|x86
	EndGlobalSection
	GlobalSection(ProjectConfigurationPlatforms) = postSolution
		{D1B26769-3CB7-4F84-9505-47552654EC46}.Debug|x64.ActiveCfg = Debug|x64
		{D1B26769-3CB7-4F84-9505-47552654EC46}.Debug|x64.Build.0 = Debug|x64
		{D1B26769-3CB7-4F84-9505-47552654EC46}.Debug|x86.ActiveCfg = Debug|Win32
		{D1B26769-3CB7-4F84-9505-47552654EC46}.Debug|x86.Build.0 = Debug|Win32
		{D1B26769-3CB7-4F84-9505-47552654EC46}.Release|x64.ActiveCfg = Release|x64
		{D1B26769-3CB7-4F84-9505-47552654EC46}.Release|x64.Build.0 = Release|x64
		{D1B26769-3CB7-4F84-9505-47552654EC46}.Release|x86.ActiveCfg = Release|Win32
		{D1B26769-3CB7-4F84-9505-47552654EC46}.Release|x86.Build.0 = Release|Win32
	EndGlobalSection
	GlobalSection(SolutionProperties) = preSolution
		HideSolutionNode = FALSE
	EndGlobalSection
	GlobalSection(ExtensibilityGlobals) = postSolution
		SolutionGuid = {28784769-0490-4798-907A-686334D01478}
	EndGlobalSection
EndGlobal
